
Microsoft Visual Studio Solution File, Format Version 12.00
Project("{FAE04EC0-301F-11D3-BF4B-00C04F79EFBC}") = "ERIUnitySimpleServer", "ERIUnitySimpleServer.csproj", "{7879BDF9-334A-4929-844B-9EA420E8D2A4}"
EndProject
Global
	GlobalSection(SolutionConfigurationPlatforms) = preSolution
		Debug|Any CPU = Debug|Any CPU
		Release|Any CPU = Release|Any CPU
	EndGlobalSection
	GlobalSection(ProjectConfigurationPlatforms) = postSolution
		{7879BDF9-334A-4929-844B-9EA420E8D2A4}.Debug|Any CPU.ActiveCfg = Debug|Any CPU
		{7879BDF9-334A-4929-844B-9EA420E8D2A4}.Debug|Any CPU.Build.0 = Debug|Any CPU
		{7879BDF9-334A-4929-844B-9EA420E8D2A4}.Release|Any CPU.ActiveCfg = Release|Any CPU
		{7879BDF9-334A-4929-844B-9EA420E8D2A4}.Release|Any CPU.Build.0 = Release|Any CPU
	EndGlobalSection
EndGlobal
